
Microsoft Visual Studio Solution File, Format Version 12.00
# Visual Studio 15
VisualStudioVersion = 15.0.28306.52
MinimumVisualStudioVersion = 10.0.40219.1
Project("{FAE04EC0-301F-11D3-BF4B-00C04F79EFBC}") = "poc-webapp", "poc-webapp\poc-webapp.csproj", "{E66623C1-1D94-4DFB-B9F6-08CAFF7F8D12}"
EndProject
Project("{FAE04EC0-301F-11D3-BF4B-00C04F79EFBC}") = "poc-webapp.Tests", "poc-webapp.Tests\poc-webapp.Tests.csproj", "{AD6E8981-8F3D-4AC5-ACEA-5037B1AB97D4}"
EndProject
Global
	GlobalSection(SolutionConfigurationPlatforms) = preSolution
		Debug|Any CPU = Debug|Any CPU
		Release|Any CPU = Release|Any CPU
	EndGlobalSection
	GlobalSection(ProjectConfigurationPlatforms) = postSolution
		{E66623C1-1D94-4DFB-B9F6-08CAFF7F8D12}.Debug|Any CPU.ActiveCfg = Debug|Any CPU
		{E66623C1-1D94-4DFB-B9F6-08CAFF7F8D12}.Debug|Any CPU.Build.0 = Debug|Any CPU
		{E66623C1-1D94-4DFB-B9F6-08CAFF7F8D12}.Release|Any CPU.ActiveCfg = Release|Any CPU
		{E66623C1-1D94-4DFB-B9F6-08CAFF7F8D12}.Release|Any CPU.Build.0 = Release|Any CPU
		{AD6E8981-8F3D-4AC5-ACEA-5037B1AB97D4}.Debug|Any CPU.ActiveCfg = Debug|Any CPU
		{AD6E8981-8F3D-4AC5-ACEA-5037B1AB97D4}.Debug|Any CPU.Build.0 = Debug|Any CPU
		{AD6E8981-8F3D-4AC5-ACEA-5037B1AB97D4}.Release|Any CPU.ActiveCfg = Release|Any CPU
		{AD6E8981-8F3D-4AC5-ACEA-5037B1AB97D4}.Release|Any CPU.Build.0 = Release|Any CPU
	EndGlobalSection
	GlobalSection(SolutionProperties) = preSolution
		HideSolutionNode = FALSE
	EndGlobalSection
	GlobalSection(ExtensibilityGlobals) = postSolution
		SolutionGuid = {0B9F566A-CB93-460B-8A73-294B9693524C}
	EndGlobalSection
EndGlobal
